
Microsoft Visual Studio Solution File, Format Version 12.00
# Visual Studio Version 16
VisualStudioVersion = 16.0.35229.62
MinimumVisualStudioVersion = 10.0.40219.1
Project("{FAE04EC0-301F-11D3-BF4B-00C04F79EFBC}") = "MathLIBRandom", "MathLIBRandom\MathLIBRandom.csproj", "{DB835FEC-400B-4C77-8A18-DFC6BFC96A01}"
EndProject
Global
	GlobalSection(SolutionConfigurationPlatforms) = preSolution
		Debug|Any CPU = Debug|Any CPU
		Release|Any CPU = Release|Any CPU
	EndGlobalSection
	GlobalSection(ProjectConfigurationPlatforms) = postSolution
		{DB835FEC-400B-4C77-8A18-DFC6BFC96A01}.Debug|Any CPU.ActiveCfg = Debug|Any CPU
		{DB835FEC-400B-4C77-8A18-DFC6BFC96A01}.Debug|Any CPU.Build.0 = Debug|Any CPU
		{DB835FEC-400B-4C77-8A18-DFC6BFC96A01}.Release|Any CPU.ActiveCfg = Release|Any CPU
		{DB835FEC-400B-4C77-8A18-DFC6BFC96A01}.Release|Any CPU.Build.0 = Release|Any CPU
	EndGlobalSection
	GlobalSection(SolutionProperties) = preSolution
		HideSolutionNode = FALSE
	EndGlobalSection
	GlobalSection(ExtensibilityGlobals) = postSolution
		SolutionGuid = {E7363CCA-DF06-4B63-93CE-60FA64C3A601}
	EndGlobalSection
EndGlobal
